
Microsoft Visual Studio Solution File, Format Version 12.00
# Visual Studio Version 16
VisualStudioVersion = 16.0.30002.166
MinimumVisualStudioVersion = 10.0.40219.1
Project("{9A19103F-16F7-4668-BE54-9A1E7A4F7556}") = "TurtleChallenge", "TurtleChallenge.csproj", "{A68CF9BB-1CAC-4919-A8EA-27CD2EEA017D}"
EndProject
Project("{FAE04EC0-301F-11D3-BF4B-00C04F79EFBC}") = "TurtleChallengeTest", "..\UnitTestProject1\TurtleChallengeTest.csproj", "{6438C0AB-9E8D-4023-B541-1F29DC9F68C4}"
EndProject
Global
	GlobalSection(SolutionConfigurationPlatforms) = preSolution
		Debug|Any CPU = Debug|Any CPU
		Release|Any CPU = Release|Any CPU
		TurtleChallengeV1|Any CPU = TurtleChallengeV1|Any CPU
	EndGlobalSection
	GlobalSection(ProjectConfigurationPlatforms) = postSolution
		{A68CF9BB-1CAC-4919-A8EA-27CD2EEA017D}.Debug|Any CPU.ActiveCfg = Debug|Any CPU
		{A68CF9BB-1CAC-4919-A8EA-27CD2EEA017D}.Debug|Any CPU.Build.0 = Debug|Any CPU
		{A68CF9BB-1CAC-4919-A8EA-27CD2EEA017D}.Release|Any CPU.ActiveCfg = Release|Any CPU
		{A68CF9BB-1CAC-4919-A8EA-27CD2EEA017D}.Release|Any CPU.Build.0 = Release|Any CPU
		{A68CF9BB-1CAC-4919-A8EA-27CD2EEA017D}.TurtleChallengeV1|Any CPU.ActiveCfg = TurtleChallengeV1|Any CPU
		{A68CF9BB-1CAC-4919-A8EA-27CD2EEA017D}.TurtleChallengeV1|Any CPU.Build.0 = TurtleChallengeV1|Any CPU
		{6438C0AB-9E8D-4023-B541-1F29DC9F68C4}.Debug|Any CPU.ActiveCfg = Debug|Any CPU
		{6438C0AB-9E8D-4023-B541-1F29DC9F68C4}.Debug|Any CPU.Build.0 = Debug|Any CPU
		{6438C0AB-9E8D-4023-B541-1F29DC9F68C4}.Release|Any CPU.ActiveCfg = Release|Any CPU
		{6438C0AB-9E8D-4023-B541-1F29DC9F68C4}.Release|Any CPU.Build.0 = Release|Any CPU
		{6438C0AB-9E8D-4023-B541-1F29DC9F68C4}.TurtleChallengeV1|Any CPU.ActiveCfg = Debug|Any CPU
		{6438C0AB-9E8D-4023-B541-1F29DC9F68C4}.TurtleChallengeV1|Any CPU.Build.0 = Debug|Any CPU
	EndGlobalSection
	GlobalSection(SolutionProperties) = preSolution
		HideSolutionNode = FALSE
	EndGlobalSection
	GlobalSection(ExtensibilityGlobals) = postSolution
		SolutionGuid = {B3A5670F-7D47-4F99-9B23-9A25EAE0CD0A}
	EndGlobalSection
EndGlobal
